
Microsoft Visual Studio Solution File, Format Version 12.00
# Visual Studio Version 17
VisualStudioVersion = 17.14.36518.9 d17.14
MinimumVisualStudioVersion = 10.0.40219.1
Project("{F184B08F-C81C-45F6-A57F-5ABD9991F28F}") = "Capa_Presentacion", "Capa_Presentacion\Capa_Presentacion.vbproj", "{456E7A06-7E6F-41F2-B99C-51EBAB5856C2}"
EndProject
Project("{F184B08F-C81C-45F6-A57F-5ABD9991F28F}") = "Capa_AccesoDatos", "Capa_Acceso\Capa_AccesoDatos.vbproj", "{2FF69F3A-DF7A-41DD-8D9F-9AA39BE35934}"
EndProject
Project("{F184B08F-C81C-45F6-A57F-5ABD9991F28F}") = "Capa_Entidades", "Capa_Entidades\Capa_Entidades.vbproj", "{054454C4-270D-4C1C-9189-98CA3C18A385}"
EndProject
Project("{6141683F-8A12-4E36-9623-2EB02B2C2303}") = "Setup1", "Install_Ventas_2017\Setup1\Setup1.isproj", "{267B5989-2D73-453E-BB27-7950ECA7D926}"
EndProject
Project("{F184B08F-C81C-45F6-A57F-5ABD9991F28F}") = "Capa_Negocios", "Capa_Negocios\Capa_Negocios.vbproj", "{49377DB1-35D1-4684-9E8A-4EC0D8F48B80}"
EndProject
Global
	GlobalSection(SolutionConfigurationPlatforms) = preSolution
		CD_ROM|Any CPU = CD_ROM|Any CPU
		CD_ROM|Mixed Platforms = CD_ROM|Mixed Platforms
		CD_ROM|x86 = CD_ROM|x86
		Debug|Any CPU = Debug|Any CPU
		Debug|Mixed Platforms = Debug|Mixed Platforms
		Debug|x86 = Debug|x86
		DVD-5|Any CPU = DVD-5|Any CPU
		DVD-5|Mixed Platforms = DVD-5|Mixed Platforms
		DVD-5|x86 = DVD-5|x86
		Release|Any CPU = Release|Any CPU
		Release|Mixed Platforms = Release|Mixed Platforms
		Release|x86 = Release|x86
		SingleImage|Any CPU = SingleImage|Any CPU
		SingleImage|Mixed Platforms = SingleImage|Mixed Platforms
		SingleImage|x86 = SingleImage|x86
	EndGlobalSection
	GlobalSection(ProjectConfigurationPlatforms) = postSolution
		{456E7A06-7E6F-41F2-B99C-51EBAB5856C2}.CD_ROM|Any CPU.ActiveCfg = Release|x86
		{456E7A06-7E6F-41F2-B99C-51EBAB5856C2}.CD_ROM|Any CPU.Build.0 = Release|x86
		{456E7A06-7E6F-41F2-B99C-51EBAB5856C2}.CD_ROM|Mixed Platforms.ActiveCfg = Release|x86
		{456E7A06-7E6F-41F2-B99C-51EBAB5856C2}.CD_ROM|Mixed Platforms.Build.0 = Release|x86
		{456E7A06-7E6F-41F2-B99C-51EBAB5856C2}.CD_ROM|x86.ActiveCfg = Release|x86
		{456E7A06-7E6F-41F2-B99C-51EBAB5856C2}.CD_ROM|x86.Build.0 = Release|x86
		{456E7A06-7E6F-41F2-B99C-51EBAB5856C2}.Debug|Any CPU.ActiveCfg = Debug|x86
		{456E7A06-7E6F-41F2-B99C-51EBAB5856C2}.Debug|Mixed Platforms.ActiveCfg = Debug|x86
		{456E7A06-7E6F-41F2-B99C-51EBAB5856C2}.Debug|Mixed Platforms.Build.0 = Debug|x86
		{456E7A06-7E6F-41F2-B99C-51EBAB5856C2}.Debug|x86.ActiveCfg = Debug|x86
		{456E7A06-7E6F-41F2-B99C-51EBAB5856C2}.Debug|x86.Build.0 = Debug|x86
		{456E7A06-7E6F-41F2-B99C-51EBAB5856C2}.DVD-5|Any CPU.ActiveCfg = Release|x86
		{456E7A06-7E6F-41F2-B99C-51EBAB5856C2}.DVD-5|Any CPU.Build.0 = Release|x86
		{456E7A06-7E6F-41F2-B99C-51EBAB5856C2}.DVD-5|Mixed Platforms.ActiveCfg = Debug|x86
		{456E7A06-7E6F-41F2-B99C-51EBAB5856C2}.DVD-5|Mixed Platforms.Build.0 = Debug|x86
		{456E7A06-7E6F-41F2-B99C-51EBAB5856C2}.DVD-5|x86.ActiveCfg = Debug|x86
		{456E7A06-7E6F-41F2-B99C-51EBAB5856C2}.DVD-5|x86.Build.0 = Debug|x86
		{456E7A06-7E6F-41F2-B99C-51EBAB5856C2}.Release|Any CPU.ActiveCfg = Release|x86
		{456E7A06-7E6F-41F2-B99C-51EBAB5856C2}.Release|Mixed Platforms.ActiveCfg = Release|x86
		{456E7A06-7E6F-41F2-B99C-51EBAB5856C2}.Release|Mixed Platforms.Build.0 = Release|x86
		{456E7A06-7E6F-41F2-B99C-51EBAB5856C2}.Release|x86.ActiveCfg = Release|x86
		{456E7A06-7E6F-41F2-B99C-51EBAB5856C2}.Release|x86.Build.0 = Release|x86
		{456E7A06-7E6F-41F2-B99C-51EBAB5856C2}.SingleImage|Any CPU.ActiveCfg = Release|x86
		{456E7A06-7E6F-41F2-B99C-51EBAB5856C2}.SingleImage|Any CPU.Build.0 = Release|x86
		{456E7A06-7E6F-41F2-B99C-51EBAB5856C2}.SingleImage|Mixed Platforms.ActiveCfg = Release|x86
		{456E7A06-7E6F-41F2-B99C-51EBAB5856C2}.SingleImage|Mixed Platforms.Build.0 = Release|x86
		{456E7A06-7E6F-41F2-B99C-51EBAB5856C2}.SingleImage|x86.ActiveCfg = Release|x86
		{456E7A06-7E6F-41F2-B99C-51EBAB5856C2}.SingleImage|x86.Build.0 = Release|x86
		{2FF69F3A-DF7A-41DD-8D9F-9AA39BE35934}.CD_ROM|Any CPU.ActiveCfg = Release|Any CPU
		{2FF69F3A-DF7A-41DD-8D9F-9AA39BE35934}.CD_ROM|Any CPU.Build.0 = Release|Any CPU
		{2FF69F3A-DF7A-41DD-8D9F-9AA39BE35934}.CD_ROM|Mixed Platforms.ActiveCfg = Release|Any CPU
		{2FF69F3A-DF7A-41DD-8D9F-9AA39BE35934}.CD_ROM|Mixed Platforms.Build.0 = Release|Any CPU
		{2FF69F3A-DF7A-41DD-8D9F-9AA39BE35934}.CD_ROM|x86.ActiveCfg = Release|Any CPU
		{2FF69F3A-DF7A-41DD-8D9F-9AA39BE35934}.CD_ROM|x86.Build.0 = Release|Any CPU
		{2FF69F3A-DF7A-41DD-8D9F-9AA39BE35934}.Debug|Any CPU.ActiveCfg = Debug|Any CPU
		{2FF69F3A-DF7A-41DD-8D9F-9AA39BE35934}.Debug|Any CPU.Build.0 = Debug|Any CPU
		{2FF69F3A-DF7A-41DD-8D9F-9AA39BE35934}.Debug|Mixed Platforms.ActiveCfg = Debug|Any CPU
		{2FF69F3A-DF7A-41DD-8D9F-9AA39BE35934}.Debug|Mixed Platforms.Build.0 = Debug|Any CPU
		{2FF69F3A-DF7A-41DD-8D9F-9AA39BE35934}.Debug|x86.ActiveCfg = Debug|Any CPU
		{2FF69F3A-DF7A-41DD-8D9F-9AA39BE35934}.DVD-5|Any CPU.ActiveCfg = Debug|Any CPU
		{2FF69F3A-DF7A-41DD-8D9F-9AA39BE35934}.DVD-5|Any CPU.Build.0 = Debug|Any CPU
		{2FF69F3A-DF7A-41DD-8D9F-9AA39BE35934}.DVD-5|Mixed Platforms.ActiveCfg = Debug|Any CPU
		{2FF69F3A-DF7A-41DD-8D9F-9AA39BE35934}.DVD-5|Mixed Platforms.Build.0 = Debug|Any CPU
		{2FF69F3A-DF7A-41DD-8D9F-9AA39BE35934}.DVD-5|x86.ActiveCfg = Debug|Any CPU
		{2FF69F3A-DF7A-41DD-8D9F-9AA39BE35934}.DVD-5|x86.Build.0 = Debug|Any CPU
		{2FF69F3A-DF7A-41DD-8D9F-9AA39BE35934}.Release|Any CPU.ActiveCfg = Release|Any CPU
		{2FF69F3A-DF7A-41DD-8D9F-9AA39BE35934}.Release|Any CPU.Build.0 = Release|Any CPU
		{2FF69F3A-DF7A-41DD-8D9F-9AA39BE35934}.Release|Mixed Platforms.ActiveCfg = Release|Any CPU
		{2FF69F3A-DF7A-41DD-8D9F-9AA39BE35934}.Release|Mixed Platforms.Build.0 = Release|Any CPU
		{2FF69F3A-DF7A-41DD-8D9F-9AA39BE35934}.Release|x86.ActiveCfg = Release|Any CPU
		{2FF69F3A-DF7A-41DD-8D9F-9AA39BE35934}.SingleImage|Any CPU.ActiveCfg = Release|Any CPU
		{2FF69F3A-DF7A-41DD-8D9F-9AA39BE35934}.SingleImage|Any CPU.Build.0 = Release|Any CPU
		{2FF69F3A-DF7A-41DD-8D9F-9AA39BE35934}.SingleImage|Mixed Platforms.ActiveCfg = Release|Any CPU
		{2FF69F3A-DF7A-41DD-8D9F-9AA39BE35934}.SingleImage|Mixed Platforms.Build.0 = Release|Any CPU
		{2FF69F3A-DF7A-41DD-8D9F-9AA39BE35934}.SingleImage|x86.ActiveCfg = Release|Any CPU
		{2FF69F3A-DF7A-41DD-8D9F-9AA39BE35934}.SingleImage|x86.Build.0 = Release|Any CPU
		{054454C4-270D-4C1C-9189-98CA3C18A385}.CD_ROM|Any CPU.ActiveCfg = Release|Any CPU
		{054454C4-270D-4C1C-9189-98CA3C18A385}.CD_ROM|Any CPU.Build.0 = Release|Any CPU
		{054454C4-270D-4C1C-9189-98CA3C18A385}.CD_ROM|Mixed Platforms.ActiveCfg = Release|Any CPU
		{054454C4-270D-4C1C-9189-98CA3C18A385}.CD_ROM|Mixed Platforms.Build.0 = Release|Any CPU
		{054454C4-270D-4C1C-9189-98CA3C18A385}.CD_ROM|x86.ActiveCfg = Release|Any CPU
		{054454C4-270D-4C1C-9189-98CA3C18A385}.CD_ROM|x86.Build.0 = Release|Any CPU
		{054454C4-270D-4C1C-9189-98CA3C18A385}.Debug|Any CPU.ActiveCfg = Debug|Any CPU
		{054454C4-270D-4C1C-9189-98CA3C18A385}.Debug|Any CPU.Build.0 = Debug|Any CPU
		{054454C4-270D-4C1C-9189-98CA3C18A385}.Debug|Mixed Platforms.ActiveCfg = Debug|Any CPU
		{054454C4-270D-4C1C-9189-98CA3C18A385}.Debug|Mixed Platforms.Build.0 = Debug|Any CPU
		{054454C4-270D-4C1C-9189-98CA3C18A385}.Debug|x86.ActiveCfg = Debug|Any CPU
		{054454C4-270D-4C1C-9189-98CA3C18A385}.DVD-5|Any CPU.ActiveCfg = Debug|Any CPU
		{054454C4-270D-4C1C-9189-98CA3C18A385}.DVD-5|Any CPU.Build.0 = Debug|Any CPU
		{054454C4-270D-4C1C-9189-98CA3C18A385}.DVD-5|Mixed Platforms.ActiveCfg = Debug|Any CPU
		{054454C4-270D-4C1C-9189-98CA3C18A385}.DVD-5|Mixed Platforms.Build.0 = Debug|Any CPU
		{054454C4-270D-4C1C-9189-98CA3C18A385}.DVD-5|x86.ActiveCfg = Debug|Any CPU
		{054454C4-270D-4C1C-9189-98CA3C18A385}.DVD-5|x86.Build.0 = Debug|Any CPU
		{054454C4-270D-4C1C-9189-98CA3C18A385}.Release|Any CPU.ActiveCfg = Release|Any CPU
		{054454C4-270D-4C1C-9189-98CA3C18A385}.Release|Any CPU.Build.0 = Release|Any CPU
		{054454C4-270D-4C1C-9189-98CA3C18A385}.Release|Mixed Platforms.ActiveCfg = Release|Any CPU
		{054454C4-270D-4C1C-9189-98CA3C18A385}.Release|Mixed Platforms.Build.0 = Release|Any CPU
		{054454C4-270D-4C1C-9189-98CA3C18A385}.Release|x86.ActiveCfg = Release|Any CPU
		{054454C4-270D-4C1C-9189-98CA3C18A385}.SingleImage|Any CPU.ActiveCfg = Release|Any CPU
		{054454C4-270D-4C1C-9189-98CA3C18A385}.SingleImage|Any CPU.Build.0 = Release|Any CPU
		{054454C4-270D-4C1C-9189-98CA3C18A385}.SingleImage|Mixed Platforms.ActiveCfg = Release|Any CPU
		{054454C4-270D-4C1C-9189-98CA3C18A385}.SingleImage|Mixed Platforms.Build.0 = Release|Any CPU
		{054454C4-270D-4C1C-9189-98CA3C18A385}.SingleImage|x86.ActiveCfg = Release|Any CPU
		{054454C4-270D-4C1C-9189-98CA3C18A385}.SingleImage|x86.Build.0 = Release|Any CPU
		{267B5989-2D73-453E-BB27-7950ECA7D926}.CD_ROM|Any CPU.ActiveCfg = CD_ROM
		{267B5989-2D73-453E-BB27-7950ECA7D926}.CD_ROM|Any CPU.Build.0 = CD_ROM
		{267B5989-2D73-453E-BB27-7950ECA7D926}.CD_ROM|Mixed Platforms.ActiveCfg = CD_ROM
		{267B5989-2D73-453E-BB27-7950ECA7D926}.CD_ROM|Mixed Platforms.Build.0 = CD_ROM
		{267B5989-2D73-453E-BB27-7950ECA7D926}.CD_ROM|x86.ActiveCfg = CD_ROM
		{267B5989-2D73-453E-BB27-7950ECA7D926}.CD_ROM|x86.Build.0 = CD_ROM
		{267B5989-2D73-453E-BB27-7950ECA7D926}.Debug|Any CPU.ActiveCfg = DVD-5
		{267B5989-2D73-453E-BB27-7950ECA7D926}.Debug|Any CPU.Build.0 = DVD-5
		{267B5989-2D73-453E-BB27-7950ECA7D926}.Debug|Mixed Platforms.ActiveCfg = DVD-5
		{267B5989-2D73-453E-BB27-7950ECA7D926}.Debug|Mixed Platforms.Build.0 = DVD-5
		{267B5989-2D73-453E-BB27-7950ECA7D926}.Debug|x86.ActiveCfg = DVD-5
		{267B5989-2D73-453E-BB27-7950ECA7D926}.Debug|x86.Build.0 = DVD-5
		{267B5989-2D73-453E-BB27-7950ECA7D926}.DVD-5|Any CPU.ActiveCfg = DVD-5
		{267B5989-2D73-453E-BB27-7950ECA7D926}.DVD-5|Any CPU.Build.0 = DVD-5
		{267B5989-2D73-453E-BB27-7950ECA7D926}.DVD-5|Mixed Platforms.ActiveCfg = DVD-5
		{267B5989-2D73-453E-BB27-7950ECA7D926}.DVD-5|Mixed Platforms.Build.0 = DVD-5
		{267B5989-2D73-453E-BB27-7950ECA7D926}.DVD-5|x86.ActiveCfg = DVD-5
		{267B5989-2D73-453E-BB27-7950ECA7D926}.DVD-5|x86.Build.0 = DVD-5
		{267B5989-2D73-453E-BB27-7950ECA7D926}.Release|Any CPU.ActiveCfg = SingleImage
		{267B5989-2D73-453E-BB27-7950ECA7D926}.Release|Any CPU.Build.0 = SingleImage
		{267B5989-2D73-453E-BB27-7950ECA7D926}.Release|Mixed Platforms.ActiveCfg = SingleImage
		{267B5989-2D73-453E-BB27-7950ECA7D926}.Release|Mixed Platforms.Build.0 = SingleImage
		{267B5989-2D73-453E-BB27-7950ECA7D926}.Release|x86.ActiveCfg = SingleImage
		{267B5989-2D73-453E-BB27-7950ECA7D926}.Release|x86.Build.0 = SingleImage
		{267B5989-2D73-453E-BB27-7950ECA7D926}.SingleImage|Any CPU.ActiveCfg = SingleImage
		{267B5989-2D73-453E-BB27-7950ECA7D926}.SingleImage|Any CPU.Build.0 = SingleImage
		{267B5989-2D73-453E-BB27-7950ECA7D926}.SingleImage|Mixed Platforms.ActiveCfg = SingleImage
		{267B5989-2D73-453E-BB27-7950ECA7D926}.SingleImage|Mixed Platforms.Build.0 = SingleImage
		{267B5989-2D73-453E-BB27-7950ECA7D926}.SingleImage|x86.ActiveCfg = SingleImage
		{267B5989-2D73-453E-BB27-7950ECA7D926}.SingleImage|x86.Build.0 = SingleImage
		{49377DB1-35D1-4684-9E8A-4EC0D8F48B80}.CD_ROM|Any CPU.ActiveCfg = Release|Any CPU
		{49377DB1-35D1-4684-9E8A-4EC0D8F48B80}.CD_ROM|Any CPU.Build.0 = Release|Any CPU
		{49377DB1-35D1-4684-9E8A-4EC0D8F48B80}.CD_ROM|Mixed Platforms.ActiveCfg = Release|Any CPU
		{49377DB1-35D1-4684-9E8A-4EC0D8F48B80}.CD_ROM|Mixed Platforms.Build.0 = Release|Any CPU
		{49377DB1-35D1-4684-9E8A-4EC0D8F48B80}.CD_ROM|x86.ActiveCfg = Release|Any CPU
		{49377DB1-35D1-4684-9E8A-4EC0D8F48B80}.CD_ROM|x86.Build.0 = Release|Any CPU
		{49377DB1-35D1-4684-9E8A-4EC0D8F48B80}.Debug|Any CPU.ActiveCfg = Debug|Any CPU
		{49377DB1-35D1-4684-9E8A-4EC0D8F48B80}.Debug|Any CPU.Build.0 = Debug|Any CPU
		{49377DB1-35D1-4684-9E8A-4EC0D8F48B80}.Debug|Mixed Platforms.ActiveCfg = Debug|Any CPU
		{49377DB1-35D1-4684-9E8A-4EC0D8F48B80}.Debug|Mixed Platforms.Build.0 = Debug|Any CPU
		{49377DB1-35D1-4684-9E8A-4EC0D8F48B80}.Debug|x86.ActiveCfg = Debug|Any CPU
		{49377DB1-35D1-4684-9E8A-4EC0D8F48B80}.Debug|x86.Build.0 = Debug|Any CPU
		{49377DB1-35D1-4684-9E8A-4EC0D8F48B80}.DVD-5|Any CPU.ActiveCfg = Release|Any CPU
		{49377DB1-35D1-4684-9E8A-4EC0D8F48B80}.DVD-5|Any CPU.Build.0 = Release|Any CPU
		{49377DB1-35D1-4684-9E8A-4EC0D8F48B80}.DVD-5|Mixed Platforms.ActiveCfg = Release|Any CPU
		{49377DB1-35D1-4684-9E8A-4EC0D8F48B80}.DVD-5|Mixed Platforms.Build.0 = Release|Any CPU
		{49377DB1-35D1-4684-9E8A-4EC0D8F48B80}.DVD-5|x86.ActiveCfg = Release|Any CPU
		{49377DB1-35D1-4684-9E8A-4EC0D8F48B80}.DVD-5|x86.Build.0 = Release|Any CPU
		{49377DB1-35D1-4684-9E8A-4EC0D8F48B80}.Release|Any CPU.ActiveCfg = Release|Any CPU
		{49377DB1-35D1-4684-9E8A-4EC0D8F48B80}.Release|Any CPU.Build.0 = Release|Any CPU
		{49377DB1-35D1-4684-9E8A-4EC0D8F48B80}.Release|Mixed Platforms.ActiveCfg = Release|Any CPU
		{49377DB1-35D1-4684-9E8A-4EC0D8F48B80}.Release|Mixed Platforms.Build.0 = Release|Any CPU
		{49377DB1-35D1-4684-9E8A-4EC0D8F48B80}.Release|x86.ActiveCfg = Release|Any CPU
		{49377DB1-35D1-4684-9E8A-4EC0D8F48B80}.Release|x86.Build.0 = Release|Any CPU
		{49377DB1-35D1-4684-9E8A-4EC0D8F48B80}.SingleImage|Any CPU.ActiveCfg = Release|Any CPU
		{49377DB1-35D1-4684-9E8A-4EC0D8F48B80}.SingleImage|Any CPU.Build.0 = Release|Any CPU
		{49377DB1-35D1-4684-9E8A-4EC0D8F48B80}.SingleImage|Mixed Platforms.ActiveCfg = Release|Any CPU
		{49377DB1-35D1-4684-9E8A-4EC0D8F48B80}.SingleImage|Mixed Platforms.Build.0 = Release|Any CPU
		{49377DB1-35D1-4684-9E8A-4EC0D8F48B80}.SingleImage|x86.ActiveCfg = Release|Any CPU
		{49377DB1-35D1-4684-9E8A-4EC0D8F48B80}.SingleImage|x86.Build.0 = Release|Any CPU
	EndGlobalSection
	GlobalSection(SolutionProperties) = preSolution
		HideSolutionNode = FALSE
	EndGlobalSection
EndGlobal
